
Microsoft Visual Studio Solution File, Format Version 12.00
# Visual Studio Version 16
VisualStudioVersion = 16.0.31129.286
MinimumVisualStudioVersion = 10.0.40219.1
Project("{FAE04EC0-301F-11D3-BF4B-00C04F79EFBC}") = "LojaNicholas", "LojaNicholas\LojaNicholas.csproj", "{DD621C00-00A3-40B1-AFA7-10CE9A3ED39E}"
EndProject
Global
	GlobalSection(SolutionConfigurationPlatforms) = preSolution
		Debug|Any CPU = Debug|Any CPU
		Release|Any CPU = Release|Any CPU
	EndGlobalSection
	GlobalSection(ProjectConfigurationPlatforms) = postSolution
		{DD621C00-00A3-40B1-AFA7-10CE9A3ED39E}.Debug|Any CPU.ActiveCfg = Debug|Any CPU
		{DD621C00-00A3-40B1-AFA7-10CE9A3ED39E}.Debug|Any CPU.Build.0 = Debug|Any CPU
		{DD621C00-00A3-40B1-AFA7-10CE9A3ED39E}.Release|Any CPU.ActiveCfg = Release|Any CPU
		{DD621C00-00A3-40B1-AFA7-10CE9A3ED39E}.Release|Any CPU.Build.0 = Release|Any CPU
	EndGlobalSection
	GlobalSection(SolutionProperties) = preSolution
		HideSolutionNode = FALSE
	EndGlobalSection
	GlobalSection(ExtensibilityGlobals) = postSolution
		SolutionGuid = {7B726BF6-0121-4AAA-A82A-988736BE3244}
	EndGlobalSection
EndGlobal
